// !$*UTF8*$!
{
	archiveVersion = 1;
	classes = {
	};
	objectVersion = 50;
	objects = {

/* Begin PBXBuildFile section */
		841C858920CA585400996F51 /* AppDelegate.m in Sources */ = {isa = PBXBuildFile; fileRef = 841C858820CA585400996F51 /* AppDelegate.m */; };
		841C858C20CA585400996F51 /* ViewController.m in Sources */ = {isa = PBXBuildFile; fileRef = 841C858B20CA585400996F51 /* ViewController.m */; };
		841C858F20CA585400996F51 /* Main.storyboard in Resources */ = {isa = PBXBuildFile; fileRef = 841C858D20CA585400996F51 /* Main.storyboard */; };
		841C859120CA585500996F51 /* Assets.xcassets in Resources */ = {isa = PBXBuildFile; fileRef = 841C859020CA585500996F51 /* Assets.xcassets */; };
		841C859420CA585500996F51 /* LaunchScreen.storyboard in Resources */ = {isa = PBXBuildFile; fileRef = 841C859220CA585500996F51 /* LaunchScreen.storyboard */; };
		841C859720CA585500996F51 /* main.m in Sources */ = {isa = PBXBuildFile; fileRef = 841C859620CA585500996F51 /* main.m */; };
		9C32CB8120CAD8E100D1A2CE /* NSString+MS.m in Sources */ = {isa = PBXBuildFile; fileRef = 9C32CB8020CAD8E100D1A2CE /* NSString+MS.m */; };
/* End PBXBuildFile section */

/* Begin PBXFileReference section */
		841C858420CA585400996F51 /* Demo20180608-1.app */ = {isa = PBXFileReference; explicitFileType = wrapper.application; includeInIndex = 0; path = "Demo20180608-1.app"; sourceTree = BUILT_PRODUCTS_DIR; };
		841C858720CA585400996F51 /* AppDelegate.h */ = {isa = PBXFileReference; lastKnownFileType = sourcecode.c.h; path = AppDelegate.h; sourceTree = "<group>"; };
		841C858820CA585400996F51 /* AppDelegate.m */ = {isa = PBXFileReference; lastKnownFileType = sourcecode.c.objc; path = AppDelegate.m; sourceTree = "<group>"; };
		841C858A20CA585400996F51 /* ViewController.h */ = {isa = PBXFileReference; lastKnownFileType = sourcecode.c.h; path = ViewController.h; sourceTree = "<group>"; };
		841C858B20CA585400996F51 /* ViewController.m */ = {isa = PBXFileReference; lastKnownFileType = sourcecode.c.objc; path = ViewController.m; sourceTree = "<group>"; };
		841C858E20CA585400996F51 /* Base */ = {isa = PBXFileReference; lastKnownFileType = file.storyboard; name = Base; path = Base.lproj/Main.storyboard; sourceTree = "<group>"; };
		841C859020CA585500996F51 /* Assets.xcassets */ = {isa = PBXFileReference; lastKnownFileType = folder.assetcatalog; path = Assets.xcassets; sourceTree = "<group>"; };
		841C859320CA585500996F51 /* Base */ = {isa = PBXFileReference; lastKnownFileType = file.storyboard; name = Base; path = Base.lproj/LaunchScreen.storyboard; sourceTree = "<group>"; };
		841C859520CA585500996F51 /* Info.plist */ = {isa = PBXFileReference; lastKnownFileType = text.plist.xml; path = Info.plist; sourceTree = "<group>"; };
		841C859620CA585500996F51 /* main.m */ = {isa = PBXFileReference; lastKnownFileType = sourcecode.c.objc; path = main.m; sourceTree = "<group>"; };
		9C32CB7C20CAD81F00D1A2CE /* MSTools.h */ = {isa = PBXFileReference; lastKnownFileType = sourcecode.c.h; path = MSTools.h; sourceTree = "<group>"; };
		9C32CB7F20CAD8E100D1A2CE /* NSString+MS.h */ = {isa = PBXFileReference; lastKnownFileType = sourcecode.c.h; path = "NSString+MS.h"; sourceTree = "<group>"; };
		9C32CB8020CAD8E100D1A2CE /* NSString+MS.m */ = {isa = PBXFileReference; lastKnownFileType = sourcecode.c.objc; path = "NSString+MS.m"; sourceTree = "<group>"; };
/* End PBXFileReference section */

/* Begin PBXFrameworksBuildPhase section */
		841C858120CA585400996F51 /* Frameworks */ = {
			isa = PBXFrameworksBuildPhase;
			buildActionMask = 2147483647;
			files = (
			);
			runOnlyForDeploymentPostprocessing = 0;
		};
/* End PBXFrameworksBuildPhase section */

/* Begin PBXGroup section */
		841C857B20CA585400996F51 = {
			isa = PBXGroup;
			children = (
				9C32CB7820CAD7EB00D1A2CE /* Source */,
				841C858620CA585400996F51 /* Demo20180608-1 */,
				841C858520CA585400996F51 /* Products */,
			);
			sourceTree = "<group>";
		};
		841C858520CA585400996F51 /* Products */ = {
			isa = PBXGroup;
			children = (
				841C858420CA585400996F51 /* Demo20180608-1.app */,
			);
			name = Products;
			sourceTree = "<group>";
		};
		841C858620CA585400996F51 /* Demo20180608-1 */ = {
			isa = PBXGroup;
			children = (
				841C858720CA585400996F51 /* AppDelegate.h */,
				841C858820CA585400996F51 /* AppDelegate.m */,
				841C858A20CA585400996F51 /* ViewController.h */,
				841C858B20CA585400996F51 /* ViewController.m */,
				841C858D20CA585400996F51 /* Main.storyboard */,
				841C859020CA585500996F51 /* Assets.xcassets */,
				841C859220CA585500996F51 /* LaunchScreen.storyboard */,
				841C859520CA585500996F51 /* Info.plist */,
				841C859620CA585500996F51 /* main.m */,
			);
			path = "Demo20180608-1";
			sourceTree = "<group>";
		};
		9C32CB7820CAD7EB00D1A2CE /* Source */ = {
			isa = PBXGroup;
			children = (
				9C32CB7C20CAD81F00D1A2CE /* MSTools.h */,
				9C32CB7F20CAD8E100D1A2CE /* NSString+MS.h */,
				9C32CB8020CAD8E100D1A2CE /* NSString+MS.m */,
			);
			path = Source;
			sourceTree = "<group>";
		};
/* End PBXGroup section */

/* Begin PBXNativeTarget section */
		841C858320CA585400996F51 /* Demo20180608-1 */ = {
			isa = PBXNativeTarget;
			buildConfigurationList = 841C859A20CA585500996F51 /* Build configuration list for PBXNativeTarget "Demo20180608-1" */;
			buildPhases = (
				841C858020CA585400996F51 /* Sources */,
				841C858120CA585400996F51 /* Frameworks */,
				841C858220CA585400996F51 /* Resources */,
			);
			buildRules = (
			);
			dependencies = (
			);
			name = "Demo20180608-1";
			productName = "Demo20180608-1";
			productReference = 841C858420CA585400996F51 /* Demo20180608-1.app */;
			productType = "com.apple.product-type.application";
		};
/* End PBXNativeTarget section */

/* Begin PBXProject section */
		841C857C20CA585400996F51 /* Project object */ = {
			isa = PBXProject;
			attributes = {
				LastUpgradeCheck = 0940;
				ORGANIZATIONNAME = shunzi;
				TargetAttributes = {
					841C858320CA585400996F51 = {
						CreatedOnToolsVersion = 9.4;
					};
				};
			};
			buildConfigurationList = 841C857F20CA585400996F51 /* Build configuration list for PBXProject "Demo20180608-1" */;
			compatibilityVersion = "Xcode 9.3";
			developmentRegion = en;
			hasScannedForEncodings = 0;
			knownRegions = (
				en,
				Base,
			);
			mainGroup = 841C857B20CA585400996F51;
			productRefGroup = 841C858520CA585400996F51 /* Products */;
			projectDirPath = "";
			projectRoot = "";
			targets = (
				841C858320CA585400996F51 /* Demo20180608-1 */,
			);
		};
/* End PBXProject section */

/* Begin PBXResourcesBuildPhase section */
		841C858220CA585400996F51 /* Resources */ = {
			isa = PBXResourcesBuildPhase;
			buildActionMask = 2147483647;
			files = (
				841C859420CA585500996F51 /* LaunchScreen.storyboard in Resources */,
				841C859120CA585500996F51 /* Assets.xcassets in Resources */,
				841C858F20CA585400996F51 /* Main.storyboard in Resources */,
			);
			runOnlyForDeploymentPostprocessing = 0;
		};
/* End PBXResourcesBuildPhase section */

/* Begin PBXSourcesBuildPhase section */
		841C858020CA585400996F51 /* Sources */ = {
			isa = PBXSourcesBuildPhase;
			buildActionMask = 2147483647;
			files = (
				841C858C20CA585400996F51 /* ViewController.m in Sources */,
				841C859720CA585500996F51 /* main.m in Sources */,
				841C858920CA585400996F51 /* AppDelegate.m in Sources */,
				9C32CB8120CAD8E100D1A2CE /* NSString+MS.m in Sources */,
			);
			runOnlyForDeploymentPostprocessing = 0;
		};
/* End PBXSourcesBuildPhase section */

/* Begin PBXVariantGroup section */
		841C858D20CA585400996F51 /* Main.storyboard */ = {
			isa = PBXVariantGroup;
			children = (
				841C858E20CA585400996F51 /* Base */,
			);
			name = Main.storyboard;
			sourceTree = "<group>";
		};
		841C859220CA585500996F51 /* LaunchScreen.storyboard */ = {
			isa = PBXVariantGroup;
			children = (
				841C859320CA585500996F51 /* Base */,
			);
			name = LaunchScreen.storyboard;
			sourceTree = "<group>";
		};
/* End PBXVariantGroup section */

/* Begin XCBuildConfiguration section */
		841C859820CA585500996F51 /* Debug */ = {
			isa = XCBuildConfiguration;
			buildSettings = {
				ALWAYS_SEARCH_USER_PATHS = NO;
				CLANG_ANALYZER_NONNULL = YES;
				CLANG_ANALYZER_NUMBER_OBJECT_CONVERSION = YES_AGGRESSIVE;
				CLANG_CXX_LANGUAGE_STANDARD = "gnu++14";
				CLANG_CXX_LIBRARY = "libc++";
				CLANG_ENABLE_MODULES = YES;
				CLANG_ENABLE_OBJC_ARC = YES;
				CLANG_ENABLE_OBJC_WEAK = YES;
				CLANG_WARN_BLOCK_CAPTURE_AUTORELEASING = YES;
				CLANG_WARN_BOOL_CONVERSION = YES;
				CLANG_WARN_COMMA = YES;
				CLANG_WARN_CONSTANT_CONVERSION = YES;
				CLANG_WARN_DEPRECATED_OBJC_IMPLEMENTATIONS = YES;
				CLANG_WARN_DIRECT_OBJC_ISA_USAGE = YES_ERROR;
				CLANG_WARN_DOCUMENTATION_COMMENTS = YES;
				CLANG_WARN_EMPTY_BODY = YES;
				CLANG_WARN_ENUM_CONVERSION = YES;
				CLANG_WARN_INFINITE_RECURSION = YES;
				CLANG_WARN_INT_CONVERSION = YES;
				CLANG_WARN_NON_LITERAL_NULL_CONVERSION = YES;
				CLANG_WARN_OBJC_IMPLICIT_RETAIN_SELF = YES;
				CLANG_WARN_OBJC_LITERAL_CONVERSION = YES;
				CLANG_WARN_OBJC_ROOT_CLASS = YES_ERROR;
				CLANG_WARN_RANGE_LOOP_ANALYSIS = YES;
				CLANG_WARN_STRICT_PROTOTYPES = YES;
				CLANG_WARN_SUSPICIOUS_MOVE = YES;
				CLANG_WARN_UNGUARDED_AVAILABILITY = YES_AGGRESSIVE;
				CLANG_WARN_UNREACHABLE_CODE = YES;
				CLANG_WARN__DUPLICATE_METHOD_MATCH = YES;
				CODE_SIGN_IDENTITY = "iPhone Developer";
				COPY_PHASE_STRIP = NO;
				DEBUG_INFORMATION_FORMAT = dwarf;
				ENABLE_STRICT_OBJC_MSGSEND = YES;
				ENABLE_TESTABILITY = YES;
				GCC_C_LANGUAGE_STANDARD = gnu11;
				GCC_DYNAMIC_NO_PIC = NO;
				GCC_NO_COMMON_BLOCKS = YES;
				GCC_OPTIMIZATION_LEVEL = 0;
				GCC_PREPROCESSOR_DEFINITIONS = (
					"DEBUG=1",
					"$(inherited)",
				);
				GCC_WARN_64_TO_32_BIT_CONVERSION = YES;
				GCC_WARN_ABOUT_RETURN_TYPE = YES_ERROR;
				GCC_WARN_UNDECLARED_SELECTOR = YES;
				GCC_WARN_UNINITIALIZED_AUTOS = YES_AGGRESSIVE;
				GCC_WARN_UNUSED_FUNCTION = YES;
				GCC_WARN_UNUSED_VARIABLE = YES;
				IPHONEOS_DEPLOYMENT_TARGET = 11.4;
				MTL_ENABLE_DEBUG_INFO = YES;
				ONLY_ACTIVE_ARCH = YES;
				SDKROOT = iphoneos;
			};
			name = Debug;
		};
		841C859920CA585500996F51 /* Release */ = {
			isa = XCBuildConfiguration;
			buildSettings = {
				ALWAYS_SEARCH_USER_PATHS = NO;
				CLANG_ANALYZER_NONNULL = YES;
				CLANG_ANALYZER_NUMBER_OBJECT_CONVERSION = YES_AGGRESSIVE;
				CLANG_CXX_LANGUAGE_STANDARD = "gnu++14";
				CLANG_CXX_LIBRARY = "libc++";
				CLANG_ENABLE_MODULES = YES;
				CLANG_ENABLE_OBJC_ARC = YES;
				CLANG_ENABLE_OBJC_WEAK = YES;
				CLANG_WARN_BLOCK_CAPTURE_AUTORELEASING = YES;
				CLANG_WARN_BOOL_CONVERSION = YES;
				CLANG_WARN_COMMA = YES;
				CLANG_WARN_CONSTANT_CONVERSION = YES;
				CLANG_WARN_DEPRECATED_OBJC_IMPLEMENTATIONS = YES;
				CLANG_WARN_DIRECT_OBJC_ISA_USAGE = YES_ERROR;
				CLANG_WARN_DOCUMENTATION_COMMENTS = YES;
				CLANG_WARN_EMPTY_BODY = YES;
				CLANG_WARN_ENUM_CONVERSION = YES;
				CLANG_WARN_INFINITE_RECURSION = YES;
				CLANG_WARN_INT_CONVERSION = YES;
				CLANG_WARN_NON_LITERAL_NULL_CONVERSION = YES;
				CLANG_WARN_OBJC_IMPLICIT_RETAIN_SELF = YES;
				CLANG_WARN_OBJC_LITERAL_CONVERSION = YES;
				CLANG_WARN_OBJC_ROOT_CLASS = YES_ERROR;
				CLANG_WARN_RANGE_LOOP_ANALYSIS = YES;
				CLANG_WARN_STRICT_PROTOTYPES = YES;
				CLANG_WARN_SUSPICIOUS_MOVE = YES;
				CLANG_WARN_UNGUARDED_AVAILABILITY = YES_AGGRESSIVE;
				CLANG_WARN_UNREACHABLE_CODE = YES;
				CLANG_WARN__DUPLICATE_METHOD_MATCH = YES;
				CODE_SIGN_IDENTITY = "iPhone Developer";
				COPY_PHASE_STRIP = NO;
				DEBUG_INFORMATION_FORMAT = "dwarf-with-dsym";
				ENABLE_NS_ASSERTIONS = NO;
				ENABLE_STRICT_OBJC_MSGSEND = YES;
				GCC_C_LANGUAGE_STANDARD = gnu11;
				GCC_NO_COMMON_BLOCKS = YES;
				GCC_WARN_64_TO_32_BIT_CONVERSION = YES;
				GCC_WARN_ABOUT_RETURN_TYPE = YES_ERROR;
				GCC_WARN_UNDECLARED_SELECTOR = YES;
				GCC_WARN_UNINITIALIZED_AUTOS = YES_AGGRESSIVE;
				GCC_WARN_UNUSED_FUNCTION = YES;
				GCC_WARN_UNUSED_VARIABLE = YES;
				IPHONEOS_DEPLOYMENT_TARGET = 11.4;
				MTL_ENABLE_DEBUG_INFO = NO;
				SDKROOT = iphoneos;
				VALIDATE_PRODUCT = YES;
			};
			name = Release;
		};
		841C859B20CA585500996F51 /* Debug */ = {
			isa = XCBuildConfiguration;
			buildSettings = {
				ASSETCATALOG_COMPILER_APPICON_NAME = AppIcon;
				CODE_SIGN_STYLE = Automatic;
				DEVELOPMENT_TEAM = "";
				INFOPLIST_FILE = "Demo20180608-1/Info.plist";
				LD_RUNPATH_SEARCH_PATHS = (
					"$(inherited)",
					"@executable_path/Frameworks",
				);
				PRODUCT_BUNDLE_IDENTIFIER = "com.shunzi.Demo20180608-1";
				PRODUCT_NAME = "$(TARGET_NAME)";
				TARGETED_DEVICE_FAMILY = "1,2";
			};
			name = Debug;
		};
		841C859C20CA585500996F51 /* Release */ = {
			isa = XCBuildConfiguration;
			buildSettings = {
				ASSETCATALOG_COMPILER_APPICON_NAME = AppIcon;
				CODE_SIGN_STYLE = Automatic;
				DEVELOPMENT_TEAM = "";
				INFOPLIST_FILE = "Demo20180608-1/Info.plist";
				LD_RUNPATH_SEARCH_PATHS = (
					"$(inherited)",
					"@executable_path/Frameworks",
				);
				PRODUCT_BUNDLE_IDENTIFIER = "com.shunzi.Demo20180608-1";
				PRODUCT_NAME = "$(TARGET_NAME)";
				TARGETED_DEVICE_FAMILY = "1,2";
			};
			name = Release;
		};
/* End XCBuildConfiguration section */

/* Begin XCConfigurationList section */
		841C857F20CA585400996F51 /* Build configuration list for PBXProject "Demo20180608-1" */ = {
			isa = XCConfigurationList;
			buildConfigurations = (
				841C859820CA585500996F51 /* Debug */,
				841C859920CA585500996F51 /* Release */,
			);
			defaultConfigurationIsVisible = 0;
			defaultConfigurationName = Release;
		};
		841C859A20CA585500996F51 /* Build configuration list for PBXNativeTarget "Demo20180608-1" */ = {
			isa = XCConfigurationList;
			buildConfigurations = (
				841C859B20CA585500996F51 /* Debug */,
				841C859C20CA585500996F51 /* Release */,
			);
			defaultConfigurationIsVisible = 0;
			defaultConfigurationName = Release;
		};
/* End XCConfigurationList section */
	};
	rootObject = 841C857C20CA585400996F51 /* Project object */;
}
